
Microsoft Visual Studio Solution File, Format Version 12.00
# Visual Studio 15
VisualStudioVersion = 15.0.28307.572
MinimumVisualStudioVersion = 10.0.40219.1
Project("{FAE04EC0-301F-11D3-BF4B-00C04F79EFBC}") = "Sweepstakes", "Sweepstakes\Sweepstakes.csproj", "{07F14555-476E-494A-9DB5-317BC0FAC593}"
EndProject
Global
	GlobalSection(SolutionConfigurationPlatforms) = preSolution
		Debug|Any CPU = Debug|Any CPU
		Release|Any CPU = Release|Any CPU
	EndGlobalSection
	GlobalSection(ProjectConfigurationPlatforms) = postSolution
		{07F14555-476E-494A-9DB5-317BC0FAC593}.Debug|Any CPU.ActiveCfg = Debug|Any CPU
		{07F14555-476E-494A-9DB5-317BC0FAC593}.Debug|Any CPU.Build.0 = Debug|Any CPU
		{07F14555-476E-494A-9DB5-317BC0FAC593}.Release|Any CPU.ActiveCfg = Release|Any CPU
		{07F14555-476E-494A-9DB5-317BC0FAC593}.Release|Any CPU.Build.0 = Release|Any CPU
	EndGlobalSection
	GlobalSection(SolutionProperties) = preSolution
		HideSolutionNode = FALSE
	EndGlobalSection
	GlobalSection(ExtensibilityGlobals) = postSolution
		SolutionGuid = {6603435D-2F51-4F21-8979-4321F78E0304}
	EndGlobalSection
EndGlobal
